
Microsoft Visual Studio Solution File, Format Version 12.00
# Visual Studio 15
Project("{FAE04EC0-301F-11D3-BF4B-00C04F79EFBC}") = "UnityEngine.UI", "UnityEngine.UI.csproj", "{A6081F79-A8B7-21B8-F3F4-82CF2756278B}"
EndProject
Project("{FAE04EC0-301F-11D3-BF4B-00C04F79EFBC}") = "Unity.AdaptivePerformance", "Unity.AdaptivePerformance.csproj", "{57D5E481-ABE7-D805-3294-AA5353A12287}"
EndProject
Project("{FAE04EC0-301F-11D3-BF4B-00C04F79EFBC}") = "PhotonUnityNetworking.Utilities", "PhotonUnityNetworking.Utilities.csproj", "{E48C96D6-60E7-EA65-1463-621C4D0DD3CE}"
EndProject
Project("{FAE04EC0-301F-11D3-BF4B-00C04F79EFBC}") = "UnityEngine.TestRunner", "UnityEngine.TestRunner.csproj", "{ED0B066D-845A-153B-BB5B-1936375C3493}"
EndProject
Project("{FAE04EC0-301F-11D3-BF4B-00C04F79EFBC}") = "Assembly-CSharp", "Assembly-CSharp.csproj", "{D37F0B37-C4C1-5A6B-F890-48D5CC6B6687}"
EndProject
Project("{FAE04EC0-301F-11D3-BF4B-00C04F79EFBC}") = "Unity.Timeline", "Unity.Timeline.csproj", "{62B9FA82-F653-A791-E0CF-D9E56D56CD5D}"
EndProject
Project("{FAE04EC0-301F-11D3-BF4B-00C04F79EFBC}") = "Unity.Multiplayer.MLAPI.Runtime", "Unity.Multiplayer.MLAPI.Runtime.csproj", "{A9557BEF-7C07-5CA2-0E33-E817CED32B93}"
EndProject
Project("{FAE04EC0-301F-11D3-BF4B-00C04F79EFBC}") = "PhotonUnityNetworking.Demos", "PhotonUnityNetworking.Demos.csproj", "{BE68AE4F-DB57-9F5A-8FF3-FF46C53F1398}"
EndProject
Project("{FAE04EC0-301F-11D3-BF4B-00C04F79EFBC}") = "Unity.ProBuilder", "Unity.ProBuilder.csproj", "{A397C350-5F7D-14D2-3C33-2452C432D0D6}"
EndProject
Project("{FAE04EC0-301F-11D3-BF4B-00C04F79EFBC}") = "PhotonUnityNetworking", "PhotonUnityNetworking.csproj", "{DB75EA89-F1B8-B87A-40F8-9EB5DF2F3C1B}"
EndProject
Project("{FAE04EC0-301F-11D3-BF4B-00C04F79EFBC}") = "Cinemachine", "Cinemachine.csproj", "{595BF03E-E10B-FA5B-AAB3-0E2CE5EC6B9D}"
EndProject
Project("{FAE04EC0-301F-11D3-BF4B-00C04F79EFBC}") = "Unity.TextMeshPro", "Unity.TextMeshPro.csproj", "{DC733F3C-9DF5-1FFA-0082-10D0F8020F9D}"
EndProject
Project("{FAE04EC0-301F-11D3-BF4B-00C04F79EFBC}") = "Unity.ProBuilder.Poly2Tri", "Unity.ProBuilder.Poly2Tri.csproj", "{7466A334-8DF3-2646-AE31-D0E282A418EC}"
EndProject
Project("{FAE04EC0-301F-11D3-BF4B-00C04F79EFBC}") = "PhotonChat", "PhotonChat.csproj", "{6EA4D21C-732A-02D3-7499-78F0CAE38D92}"
EndProject
Project("{FAE04EC0-301F-11D3-BF4B-00C04F79EFBC}") = "Unity.Notifications.Android", "Unity.Notifications.Android.csproj", "{956B5131-90D7-7A77-E41A-CD001DB23F45}"
EndProject
Project("{FAE04EC0-301F-11D3-BF4B-00C04F79EFBC}") = "Unity.Multiplayer.MLAPI.Prototyping", "Unity.Multiplayer.MLAPI.Prototyping.csproj", "{432B8141-420F-7680-E4E1-13F4B05355B0}"
EndProject
Project("{FAE04EC0-301F-11D3-BF4B-00C04F79EFBC}") = "PhotonRealtime", "PhotonRealtime.csproj", "{16067F31-44A4-1607-DE90-2C3663480C8B}"
EndProject
Project("{FAE04EC0-301F-11D3-BF4B-00C04F79EFBC}") = "Unity.ProGrids", "Unity.ProGrids.csproj", "{5C4BEC51-ACFE-12B2-36EB-14D18797DFFF}"
EndProject
Project("{FAE04EC0-301F-11D3-BF4B-00C04F79EFBC}") = "Unity.ProBuilder.Csg", "Unity.ProBuilder.Csg.csproj", "{0E5DC7F1-42A3-D2F5-D661-CE120A4F65EF}"
EndProject
Project("{FAE04EC0-301F-11D3-BF4B-00C04F79EFBC}") = "Unity.Notifications.iOS", "Unity.Notifications.iOS.csproj", "{085C1068-1E68-6E15-4998-93D602874260}"
EndProject
Project("{FAE04EC0-301F-11D3-BF4B-00C04F79EFBC}") = "Unity.AdaptivePerformance.Samsung.Android", "Unity.AdaptivePerformance.Samsung.Android.csproj", "{2CA4E352-2F21-7483-C5F4-87EC5A851413}"
EndProject
Project("{FAE04EC0-301F-11D3-BF4B-00C04F79EFBC}") = "Unity.ProBuilder.KdTree", "Unity.ProBuilder.KdTree.csproj", "{D1FA470D-4DE3-F2D9-0654-AE6538C82B1A}"
EndProject
Project("{FAE04EC0-301F-11D3-BF4B-00C04F79EFBC}") = "Unity.ProBuilder.Stl", "Unity.ProBuilder.Stl.csproj", "{436B1342-8F2C-CF38-F6CC-118ABCDF5B89}"
EndProject
Project("{FAE04EC0-301F-11D3-BF4B-00C04F79EFBC}") = "Unity.Subsystem.Registration", "Unity.Subsystem.Registration.csproj", "{3F9C88E0-1481-14D3-73BD-70E0593A6791}"
EndProject
Project("{FAE04EC0-301F-11D3-BF4B-00C04F79EFBC}") = "ENET MLAPI Transport", "ENET MLAPI Transport.csproj", "{763517AC-ABA3-D259-6518-36D5EBC96D6A}"
EndProject
Project("{FAE04EC0-301F-11D3-BF4B-00C04F79EFBC}") = "UnityEditor.TestRunner", "UnityEditor.TestRunner.csproj", "{C955406F-2CD7-8630-369A-370101E2183B}"
EndProject
Project("{FAE04EC0-301F-11D3-BF4B-00C04F79EFBC}") = "Unity.ProBuilder.Editor", "Unity.ProBuilder.Editor.csproj", "{6527F881-C2BA-DD40-5573-6D03BEB9AF3B}"
EndProject
Project("{FAE04EC0-301F-11D3-BF4B-00C04F79EFBC}") = "UnityEditor.UI", "UnityEditor.UI.csproj", "{48EC0992-3D1A-6E1B-6DE3-DBF94CFB3DF0}"
EndProject
Project("{FAE04EC0-301F-11D3-BF4B-00C04F79EFBC}") = "Unity.Timeline.Editor", "Unity.Timeline.Editor.csproj", "{37F473B9-EEA8-F751-5123-6ABCCDE2E9C3}"
EndProject
Project("{FAE04EC0-301F-11D3-BF4B-00C04F79EFBC}") = "Unity.VisualStudio.Editor", "Unity.VisualStudio.Editor.csproj", "{E52F648E-DF14-770F-3159-CEEBD8D10C0B}"
EndProject
Project("{FAE04EC0-301F-11D3-BF4B-00C04F79EFBC}") = "PhotonUnityNetworking.Editor", "PhotonUnityNetworking.Editor.csproj", "{A1D10D06-C6F5-13DA-10AC-6AF5769C9839}"
EndProject
Project("{FAE04EC0-301F-11D3-BF4B-00C04F79EFBC}") = "com.unity.cinemachine.editor", "com.unity.cinemachine.editor.csproj", "{F360DF43-D397-AC21-BFDC-AF9FCA2042EB}"
EndProject
Project("{FAE04EC0-301F-11D3-BF4B-00C04F79EFBC}") = "Unity.TextMeshPro.Editor", "Unity.TextMeshPro.Editor.csproj", "{90C9D7C0-8225-9CBF-8006-6086E223D56D}"
EndProject
Project("{FAE04EC0-301F-11D3-BF4B-00C04F79EFBC}") = "Unity.AdaptivePerformance.Simulator.Editor", "Unity.AdaptivePerformance.Simulator.Editor.csproj", "{4A14AD24-6C5B-BF65-2D49-072A81E02DE4}"
EndProject
Project("{FAE04EC0-301F-11D3-BF4B-00C04F79EFBC}") = "Unity.CollabProxy.Editor", "Unity.CollabProxy.Editor.csproj", "{B05DB174-56EF-1098-9652-1201B6ADA5AD}"
EndProject
Project("{FAE04EC0-301F-11D3-BF4B-00C04F79EFBC}") = "Unity.AdaptivePerformance.Editor", "Unity.AdaptivePerformance.Editor.csproj", "{5E24B512-DC81-C5C5-E059-AE6CC286FACD}"
EndProject
Project("{FAE04EC0-301F-11D3-BF4B-00C04F79EFBC}") = "ParrelSync", "ParrelSync.csproj", "{9F75FFB0-E3B0-6533-FF77-07BE65432667}"
EndProject
Project("{FAE04EC0-301F-11D3-BF4B-00C04F79EFBC}") = "Unity.Mobile.AndroidLogcat.Editor", "Unity.Mobile.AndroidLogcat.Editor.csproj", "{C9207BBF-E892-17C8-A951-7F8F3A73E0DE}"
EndProject
Project("{FAE04EC0-301F-11D3-BF4B-00C04F79EFBC}") = "Assembly-CSharp-Editor", "Assembly-CSharp-Editor.csproj", "{56F4388C-6A0A-09DB-E2EF-194D19DA9E78}"
EndProject
Project("{FAE04EC0-301F-11D3-BF4B-00C04F79EFBC}") = "Unity.Rider.Editor", "Unity.Rider.Editor.csproj", "{73BAE5D3-A4B4-9A1C-16A1-C101D06DDC23}"
EndProject
Project("{FAE04EC0-301F-11D3-BF4B-00C04F79EFBC}") = "Unity.Multiplayer.MLAPI.Editor", "Unity.Multiplayer.MLAPI.Editor.csproj", "{CE368875-F3E5-3CB5-193D-632B0DFA6C64}"
EndProject
Project("{FAE04EC0-301F-11D3-BF4B-00C04F79EFBC}") = "Unity.ProGrids.Editor", "Unity.ProGrids.Editor.csproj", "{6E7B1235-8AAF-F0B0-A93F-421D5A1F013A}"
EndProject
Project("{FAE04EC0-301F-11D3-BF4B-00C04F79EFBC}") = "Unity.Multiplayer.MLAPI.Editor.CodeGen", "Unity.Multiplayer.MLAPI.Editor.CodeGen.csproj", "{4788DF5D-7F08-7964-AEDA-A5AA114F74AC}"
EndProject
Project("{FAE04EC0-301F-11D3-BF4B-00C04F79EFBC}") = "Unity.VSCode.Editor", "Unity.VSCode.Editor.csproj", "{EB59A7A9-118B-05F1-6193-E6C5802C5C07}"
EndProject
Project("{FAE04EC0-301F-11D3-BF4B-00C04F79EFBC}") = "Unity.ProBuilder.AssetIdRemapUtility", "Unity.ProBuilder.AssetIdRemapUtility.csproj", "{EA492754-1903-B62E-2545-2AA81D2B5575}"
EndProject
Project("{FAE04EC0-301F-11D3-BF4B-00C04F79EFBC}") = "Unity.Notifications", "Unity.Notifications.csproj", "{ECB4A674-EA44-F5F1-869F-EA9CEB3A1F55}"
EndProject
Project("{FAE04EC0-301F-11D3-BF4B-00C04F79EFBC}") = "Unity.Settings.Editor", "Unity.Settings.Editor.csproj", "{AA661EF4-28FF-F709-9FDE-E7590DE8BBF4}"
EndProject
Project("{FAE04EC0-301F-11D3-BF4B-00C04F79EFBC}") = "Unity.AdaptivePerformance.Samsung.Android.Editor", "Unity.AdaptivePerformance.Samsung.Android.Editor.csproj", "{777684F0-D382-EC26-09AC-AE28C25C856F}"
EndProject
Project("{FAE04EC0-301F-11D3-BF4B-00C04F79EFBC}") = "PhotonUnityNetworking.Utilities.PhotonPlayer.Editor", "PhotonUnityNetworking.Utilities.PhotonPlayer.Editor.csproj", "{1FEE75D9-338D-E846-44B2-08D1C35567F4}"
EndProject
Project("{FAE04EC0-301F-11D3-BF4B-00C04F79EFBC}") = "Unity.ProBuilder.AddOns.Editor", "Unity.ProBuilder.AddOns.Editor.csproj", "{4B04BA62-D770-EC35-189F-429A0BD5BEC8}"
EndProject
Project("{FAE04EC0-301F-11D3-BF4B-00C04F79EFBC}") = "PunDemos.DemoSlotcarEditor", "PunDemos.DemoSlotcarEditor.csproj", "{45EE2AA8-8C51-E0C7-C3E3-31630D0A50DB}"
EndProject
Project("{FAE04EC0-301F-11D3-BF4B-00C04F79EFBC}") = "Unity.AdaptivePerformance.Simulator.VRR.Extension", "Unity.AdaptivePerformance.Simulator.VRR.Extension.csproj", "{F7315E62-72F5-1E86-28A4-C75C1031686E}"
EndProject
Project("{FAE04EC0-301F-11D3-BF4B-00C04F79EFBC}") = "PhotonUnityNetworking.Utilities.Culling.Editor", "PhotonUnityNetworking.Utilities.Culling.Editor.csproj", "{12759D92-0584-D891-41EA-53318625321D}"
EndProject
Project("{FAE04EC0-301F-11D3-BF4B-00C04F79EFBC}") = "PunDemos.DemoHubEditor", "PunDemos.DemoHubEditor.csproj", "{D10803C9-E9DE-5FED-8E7E-5404E4EB0BDD}"
EndProject
Project("{FAE04EC0-301F-11D3-BF4B-00C04F79EFBC}") = "Unity.AdaptivePerformance.Simulator.Extension", "Unity.AdaptivePerformance.Simulator.Extension.csproj", "{B92DBDA8-1F6B-9759-4A5A-3D2B77EA0D02}"
EndProject
Global
	GlobalSection(SolutionConfigurationPlatforms) = preSolution
		Debug|Any CPU = Debug|Any CPU
		Release|Any CPU = Release|Any CPU
	EndGlobalSection
	GlobalSection(ProjectConfigurationPlatforms) = postSolution
		{A6081F79-A8B7-21B8-F3F4-82CF2756278B}.Debug|Any CPU.ActiveCfg = Debug|Any CPU
		{A6081F79-A8B7-21B8-F3F4-82CF2756278B}.Debug|Any CPU.Build.0 = Debug|Any CPU
		{A6081F79-A8B7-21B8-F3F4-82CF2756278B}.Release|Any CPU.ActiveCfg = Release|Any CPU
		{A6081F79-A8B7-21B8-F3F4-82CF2756278B}.Release|Any CPU.Build.0 = Release|Any CPU
		{57D5E481-ABE7-D805-3294-AA5353A12287}.Debug|Any CPU.ActiveCfg = Debug|Any CPU
		{57D5E481-ABE7-D805-3294-AA5353A12287}.Debug|Any CPU.Build.0 = Debug|Any CPU
		{57D5E481-ABE7-D805-3294-AA5353A12287}.Release|Any CPU.ActiveCfg = Release|Any CPU
		{57D5E481-ABE7-D805-3294-AA5353A12287}.Release|Any CPU.Build.0 = Release|Any CPU
		{E48C96D6-60E7-EA65-1463-621C4D0DD3CE}.Debug|Any CPU.ActiveCfg = Debug|Any CPU
		{E48C96D6-60E7-EA65-1463-621C4D0DD3CE}.Debug|Any CPU.Build.0 = Debug|Any CPU
		{E48C96D6-60E7-EA65-1463-621C4D0DD3CE}.Release|Any CPU.ActiveCfg = Release|Any CPU
		{E48C96D6-60E7-EA65-1463-621C4D0DD3CE}.Release|Any CPU.Build.0 = Release|Any CPU
		{ED0B066D-845A-153B-BB5B-1936375C3493}.Debug|Any CPU.ActiveCfg = Debug|Any CPU
		{ED0B066D-845A-153B-BB5B-1936375C3493}.Debug|Any CPU.Build.0 = Debug|Any CPU
		{ED0B066D-845A-153B-BB5B-1936375C3493}.Release|Any CPU.ActiveCfg = Release|Any CPU
		{ED0B066D-845A-153B-BB5B-1936375C3493}.Release|Any CPU.Build.0 = Release|Any CPU
		{D37F0B37-C4C1-5A6B-F890-48D5CC6B6687}.Debug|Any CPU.ActiveCfg = Debug|Any CPU
		{D37F0B37-C4C1-5A6B-F890-48D5CC6B6687}.Debug|Any CPU.Build.0 = Debug|Any CPU
		{D37F0B37-C4C1-5A6B-F890-48D5CC6B6687}.Release|Any CPU.ActiveCfg = Release|Any CPU
		{D37F0B37-C4C1-5A6B-F890-48D5CC6B6687}.Release|Any CPU.Build.0 = Release|Any CPU
		{62B9FA82-F653-A791-E0CF-D9E56D56CD5D}.Debug|Any CPU.ActiveCfg = Debug|Any CPU
		{62B9FA82-F653-A791-E0CF-D9E56D56CD5D}.Debug|Any CPU.Build.0 = Debug|Any CPU
		{62B9FA82-F653-A791-E0CF-D9E56D56CD5D}.Release|Any CPU.ActiveCfg = Release|Any CPU
		{62B9FA82-F653-A791-E0CF-D9E56D56CD5D}.Release|Any CPU.Build.0 = Release|Any CPU
		{A9557BEF-7C07-5CA2-0E33-E817CED32B93}.Debug|Any CPU.ActiveCfg = Debug|Any CPU
		{A9557BEF-7C07-5CA2-0E33-E817CED32B93}.Debug|Any CPU.Build.0 = Debug|Any CPU
		{A9557BEF-7C07-5CA2-0E33-E817CED32B93}.Release|Any CPU.ActiveCfg = Release|Any CPU
		{A9557BEF-7C07-5CA2-0E33-E817CED32B93}.Release|Any CPU.Build.0 = Release|Any CPU
		{BE68AE4F-DB57-9F5A-8FF3-FF46C53F1398}.Debug|Any CPU.ActiveCfg = Debug|Any CPU
		{BE68AE4F-DB57-9F5A-8FF3-FF46C53F1398}.Debug|Any CPU.Build.0 = Debug|Any CPU
		{BE68AE4F-DB57-9F5A-8FF3-FF46C53F1398}.Release|Any CPU.ActiveCfg = Release|Any CPU
		{BE68AE4F-DB57-9F5A-8FF3-FF46C53F1398}.Release|Any CPU.Build.0 = Release|Any CPU
		{A397C350-5F7D-14D2-3C33-2452C432D0D6}.Debug|Any CPU.ActiveCfg = Debug|Any CPU
		{A397C350-5F7D-14D2-3C33-2452C432D0D6}.Debug|Any CPU.Build.0 = Debug|Any CPU
		{A397C350-5F7D-14D2-3C33-2452C432D0D6}.Release|Any CPU.ActiveCfg = Release|Any CPU
		{A397C350-5F7D-14D2-3C33-2452C432D0D6}.Release|Any CPU.Build.0 = Release|Any CPU
		{DB75EA89-F1B8-B87A-40F8-9EB5DF2F3C1B}.Debug|Any CPU.ActiveCfg = Debug|Any CPU
		{DB75EA89-F1B8-B87A-40F8-9EB5DF2F3C1B}.Debug|Any CPU.Build.0 = Debug|Any CPU
		{DB75EA89-F1B8-B87A-40F8-9EB5DF2F3C1B}.Release|Any CPU.ActiveCfg = Release|Any CPU
		{DB75EA89-F1B8-B87A-40F8-9EB5DF2F3C1B}.Release|Any CPU.Build.0 = Release|Any CPU
		{595BF03E-E10B-FA5B-AAB3-0E2CE5EC6B9D}.Debug|Any CPU.ActiveCfg = Debug|Any CPU
		{595BF03E-E10B-FA5B-AAB3-0E2CE5EC6B9D}.Debug|Any CPU.Build.0 = Debug|Any CPU
		{595BF03E-E10B-FA5B-AAB3-0E2CE5EC6B9D}.Release|Any CPU.ActiveCfg = Release|Any CPU
		{595BF03E-E10B-FA5B-AAB3-0E2CE5EC6B9D}.Release|Any CPU.Build.0 = Release|Any CPU
		{DC733F3C-9DF5-1FFA-0082-10D0F8020F9D}.Debug|Any CPU.ActiveCfg = Debug|Any CPU
		{DC733F3C-9DF5-1FFA-0082-10D0F8020F9D}.Debug|Any CPU.Build.0 = Debug|Any CPU
		{DC733F3C-9DF5-1FFA-0082-10D0F8020F9D}.Release|Any CPU.ActiveCfg = Release|Any CPU
		{DC733F3C-9DF5-1FFA-0082-10D0F8020F9D}.Release|Any CPU.Build.0 = Release|Any CPU
		{7466A334-8DF3-2646-AE31-D0E282A418EC}.Debug|Any CPU.ActiveCfg = Debug|Any CPU
		{7466A334-8DF3-2646-AE31-D0E282A418EC}.Debug|Any CPU.Build.0 = Debug|Any CPU
		{7466A334-8DF3-2646-AE31-D0E282A418EC}.Release|Any CPU.ActiveCfg = Release|Any CPU
		{7466A334-8DF3-2646-AE31-D0E282A418EC}.Release|Any CPU.Build.0 = Release|Any CPU
		{6EA4D21C-732A-02D3-7499-78F0CAE38D92}.Debug|Any CPU.ActiveCfg = Debug|Any CPU
		{6EA4D21C-732A-02D3-7499-78F0CAE38D92}.Debug|Any CPU.Build.0 = Debug|Any CPU
		{6EA4D21C-732A-02D3-7499-78F0CAE38D92}.Release|Any CPU.ActiveCfg = Release|Any CPU
		{6EA4D21C-732A-02D3-7499-78F0CAE38D92}.Release|Any CPU.Build.0 = Release|Any CPU
		{956B5131-90D7-7A77-E41A-CD001DB23F45}.Debug|Any CPU.ActiveCfg = Debug|Any CPU
		{956B5131-90D7-7A77-E41A-CD001DB23F45}.Debug|Any CPU.Build.0 = Debug|Any CPU
		{956B5131-90D7-7A77-E41A-CD001DB23F45}.Release|Any CPU.ActiveCfg = Release|Any CPU
		{956B5131-90D7-7A77-E41A-CD001DB23F45}.Release|Any CPU.Build.0 = Release|Any CPU
		{432B8141-420F-7680-E4E1-13F4B05355B0}.Debug|Any CPU.ActiveCfg = Debug|Any CPU
		{432B8141-420F-7680-E4E1-13F4B05355B0}.Debug|Any CPU.Build.0 = Debug|Any CPU
		{432B8141-420F-7680-E4E1-13F4B05355B0}.Release|Any CPU.ActiveCfg = Release|Any CPU
		{432B8141-420F-7680-E4E1-13F4B05355B0}.Release|Any CPU.Build.0 = Release|Any CPU
		{16067F31-44A4-1607-DE90-2C3663480C8B}.Debug|Any CPU.ActiveCfg = Debug|Any CPU
		{16067F31-44A4-1607-DE90-2C3663480C8B}.Debug|Any CPU.Build.0 = Debug|Any CPU
		{16067F31-44A4-1607-DE90-2C3663480C8B}.Release|Any CPU.ActiveCfg = Release|Any CPU
		{16067F31-44A4-1607-DE90-2C3663480C8B}.Release|Any CPU.Build.0 = Release|Any CPU
		{5C4BEC51-ACFE-12B2-36EB-14D18797DFFF}.Debug|Any CPU.ActiveCfg = Debug|Any CPU
		{5C4BEC51-ACFE-12B2-36EB-14D18797DFFF}.Debug|Any CPU.Build.0 = Debug|Any CPU
		{5C4BEC51-ACFE-12B2-36EB-14D18797DFFF}.Release|Any CPU.ActiveCfg = Release|Any CPU
		{5C4BEC51-ACFE-12B2-36EB-14D18797DFFF}.Release|Any CPU.Build.0 = Release|Any CPU
		{0E5DC7F1-42A3-D2F5-D661-CE120A4F65EF}.Debug|Any CPU.ActiveCfg = Debug|Any CPU
		{0E5DC7F1-42A3-D2F5-D661-CE120A4F65EF}.Debug|Any CPU.Build.0 = Debug|Any CPU
		{0E5DC7F1-42A3-D2F5-D661-CE120A4F65EF}.Release|Any CPU.ActiveCfg = Release|Any CPU
		{0E5DC7F1-42A3-D2F5-D661-CE120A4F65EF}.Release|Any CPU.Build.0 = Release|Any CPU
		{085C1068-1E68-6E15-4998-93D602874260}.Debug|Any CPU.ActiveCfg = Debug|Any CPU
		{085C1068-1E68-6E15-4998-93D602874260}.Debug|Any CPU.Build.0 = Debug|Any CPU
		{085C1068-1E68-6E15-4998-93D602874260}.Release|Any CPU.ActiveCfg = Release|Any CPU
		{085C1068-1E68-6E15-4998-93D602874260}.Release|Any CPU.Build.0 = Release|Any CPU
		{2CA4E352-2F21-7483-C5F4-87EC5A851413}.Debug|Any CPU.ActiveCfg = Debug|Any CPU
		{2CA4E352-2F21-7483-C5F4-87EC5A851413}.Debug|Any CPU.Build.0 = Debug|Any CPU
		{2CA4E352-2F21-7483-C5F4-87EC5A851413}.Release|Any CPU.ActiveCfg = Release|Any CPU
		{2CA4E352-2F21-7483-C5F4-87EC5A851413}.Release|Any CPU.Build.0 = Release|Any CPU
		{D1FA470D-4DE3-F2D9-0654-AE6538C82B1A}.Debug|Any CPU.ActiveCfg = Debug|Any CPU
		{D1FA470D-4DE3-F2D9-0654-AE6538C82B1A}.Debug|Any CPU.Build.0 = Debug|Any CPU
		{D1FA470D-4DE3-F2D9-0654-AE6538C82B1A}.Release|Any CPU.ActiveCfg = Release|Any CPU
		{D1FA470D-4DE3-F2D9-0654-AE6538C82B1A}.Release|Any CPU.Build.0 = Release|Any CPU
		{436B1342-8F2C-CF38-F6CC-118ABCDF5B89}.Debug|Any CPU.ActiveCfg = Debug|Any CPU
		{436B1342-8F2C-CF38-F6CC-118ABCDF5B89}.Debug|Any CPU.Build.0 = Debug|Any CPU
		{436B1342-8F2C-CF38-F6CC-118ABCDF5B89}.Release|Any CPU.ActiveCfg = Release|Any CPU
		{436B1342-8F2C-CF38-F6CC-118ABCDF5B89}.Release|Any CPU.Build.0 = Release|Any CPU
		{3F9C88E0-1481-14D3-73BD-70E0593A6791}.Debug|Any CPU.ActiveCfg = Debug|Any CPU
		{3F9C88E0-1481-14D3-73BD-70E0593A6791}.Debug|Any CPU.Build.0 = Debug|Any CPU
		{3F9C88E0-1481-14D3-73BD-70E0593A6791}.Release|Any CPU.ActiveCfg = Release|Any CPU
		{3F9C88E0-1481-14D3-73BD-70E0593A6791}.Release|Any CPU.Build.0 = Release|Any CPU
		{763517AC-ABA3-D259-6518-36D5EBC96D6A}.Debug|Any CPU.ActiveCfg = Debug|Any CPU
		{763517AC-ABA3-D259-6518-36D5EBC96D6A}.Debug|Any CPU.Build.0 = Debug|Any CPU
		{763517AC-ABA3-D259-6518-36D5EBC96D6A}.Release|Any CPU.ActiveCfg = Release|Any CPU
		{763517AC-ABA3-D259-6518-36D5EBC96D6A}.Release|Any CPU.Build.0 = Release|Any CPU
		{C955406F-2CD7-8630-369A-370101E2183B}.Debug|Any CPU.ActiveCfg = Debug|Any CPU
		{C955406F-2CD7-8630-369A-370101E2183B}.Debug|Any CPU.Build.0 = Debug|Any CPU
		{C955406F-2CD7-8630-369A-370101E2183B}.Release|Any CPU.ActiveCfg = Release|Any CPU
		{C955406F-2CD7-8630-369A-370101E2183B}.Release|Any CPU.Build.0 = Release|Any CPU
		{6527F881-C2BA-DD40-5573-6D03BEB9AF3B}.Debug|Any CPU.ActiveCfg = Debug|Any CPU
		{6527F881-C2BA-DD40-5573-6D03BEB9AF3B}.Debug|Any CPU.Build.0 = Debug|Any CPU
		{6527F881-C2BA-DD40-5573-6D03BEB9AF3B}.Release|Any CPU.ActiveCfg = Release|Any CPU
		{6527F881-C2BA-DD40-5573-6D03BEB9AF3B}.Release|Any CPU.Build.0 = Release|Any CPU
		{48EC0992-3D1A-6E1B-6DE3-DBF94CFB3DF0}.Debug|Any CPU.ActiveCfg = Debug|Any CPU
		{48EC0992-3D1A-6E1B-6DE3-DBF94CFB3DF0}.Debug|Any CPU.Build.0 = Debug|Any CPU
		{48EC0992-3D1A-6E1B-6DE3-DBF94CFB3DF0}.Release|Any CPU.ActiveCfg = Release|Any CPU
		{48EC0992-3D1A-6E1B-6DE3-DBF94CFB3DF0}.Release|Any CPU.Build.0 = Release|Any CPU
		{37F473B9-EEA8-F751-5123-6ABCCDE2E9C3}.Debug|Any CPU.ActiveCfg = Debug|Any CPU
		{37F473B9-EEA8-F751-5123-6ABCCDE2E9C3}.Debug|Any CPU.Build.0 = Debug|Any CPU
		{37F473B9-EEA8-F751-5123-6ABCCDE2E9C3}.Release|Any CPU.ActiveCfg = Release|Any CPU
		{37F473B9-EEA8-F751-5123-6ABCCDE2E9C3}.Release|Any CPU.Build.0 = Release|Any CPU
		{E52F648E-DF14-770F-3159-CEEBD8D10C0B}.Debug|Any CPU.ActiveCfg = Debug|Any CPU
		{E52F648E-DF14-770F-3159-CEEBD8D10C0B}.Debug|Any CPU.Build.0 = Debug|Any CPU
		{E52F648E-DF14-770F-3159-CEEBD8D10C0B}.Release|Any CPU.ActiveCfg = Release|Any CPU
		{E52F648E-DF14-770F-3159-CEEBD8D10C0B}.Release|Any CPU.Build.0 = Release|Any CPU
		{A1D10D06-C6F5-13DA-10AC-6AF5769C9839}.Debug|Any CPU.ActiveCfg = Debug|Any CPU
		{A1D10D06-C6F5-13DA-10AC-6AF5769C9839}.Debug|Any CPU.Build.0 = Debug|Any CPU
		{A1D10D06-C6F5-13DA-10AC-6AF5769C9839}.Release|Any CPU.ActiveCfg = Release|Any CPU
		{A1D10D06-C6F5-13DA-10AC-6AF5769C9839}.Release|Any CPU.Build.0 = Release|Any CPU
		{F360DF43-D397-AC21-BFDC-AF9FCA2042EB}.Debug|Any CPU.ActiveCfg = Debug|Any CPU
		{F360DF43-D397-AC21-BFDC-AF9FCA2042EB}.Debug|Any CPU.Build.0 = Debug|Any CPU
		{F360DF43-D397-AC21-BFDC-AF9FCA2042EB}.Release|Any CPU.ActiveCfg = Release|Any CPU
		{F360DF43-D397-AC21-BFDC-AF9FCA2042EB}.Release|Any CPU.Build.0 = Release|Any CPU
		{90C9D7C0-8225-9CBF-8006-6086E223D56D}.Debug|Any CPU.ActiveCfg = Debug|Any CPU
		{90C9D7C0-8225-9CBF-8006-6086E223D56D}.Debug|Any CPU.Build.0 = Debug|Any CPU
		{90C9D7C0-8225-9CBF-8006-6086E223D56D}.Release|Any CPU.ActiveCfg = Release|Any CPU
		{90C9D7C0-8225-9CBF-8006-6086E223D56D}.Release|Any CPU.Build.0 = Release|Any CPU
		{4A14AD24-6C5B-BF65-2D49-072A81E02DE4}.Debug|Any CPU.ActiveCfg = Debug|Any CPU
		{4A14AD24-6C5B-BF65-2D49-072A81E02DE4}.Debug|Any CPU.Build.0 = Debug|Any CPU
		{4A14AD24-6C5B-BF65-2D49-072A81E02DE4}.Release|Any CPU.ActiveCfg = Release|Any CPU
		{4A14AD24-6C5B-BF65-2D49-072A81E02DE4}.Release|Any CPU.Build.0 = Release|Any CPU
		{B05DB174-56EF-1098-9652-1201B6ADA5AD}.Debug|Any CPU.ActiveCfg = Debug|Any CPU
		{B05DB174-56EF-1098-9652-1201B6ADA5AD}.Debug|Any CPU.Build.0 = Debug|Any CPU
		{B05DB174-56EF-1098-9652-1201B6ADA5AD}.Release|Any CPU.ActiveCfg = Release|Any CPU
		{B05DB174-56EF-1098-9652-1201B6ADA5AD}.Release|Any CPU.Build.0 = Release|Any CPU
		{5E24B512-DC81-C5C5-E059-AE6CC286FACD}.Debug|Any CPU.ActiveCfg = Debug|Any CPU
		{5E24B512-DC81-C5C5-E059-AE6CC286FACD}.Debug|Any CPU.Build.0 = Debug|Any CPU
		{5E24B512-DC81-C5C5-E059-AE6CC286FACD}.Release|Any CPU.ActiveCfg = Release|Any CPU
		{5E24B512-DC81-C5C5-E059-AE6CC286FACD}.Release|Any CPU.Build.0 = Release|Any CPU
		{9F75FFB0-E3B0-6533-FF77-07BE65432667}.Debug|Any CPU.ActiveCfg = Debug|Any CPU
		{9F75FFB0-E3B0-6533-FF77-07BE65432667}.Debug|Any CPU.Build.0 = Debug|Any CPU
		{9F75FFB0-E3B0-6533-FF77-07BE65432667}.Release|Any CPU.ActiveCfg = Release|Any CPU
		{9F75FFB0-E3B0-6533-FF77-07BE65432667}.Release|Any CPU.Build.0 = Release|Any CPU
		{C9207BBF-E892-17C8-A951-7F8F3A73E0DE}.Debug|Any CPU.ActiveCfg = Debug|Any CPU
		{C9207BBF-E892-17C8-A951-7F8F3A73E0DE}.Debug|Any CPU.Build.0 = Debug|Any CPU
		{C9207BBF-E892-17C8-A951-7F8F3A73E0DE}.Release|Any CPU.ActiveCfg = Release|Any CPU
		{C9207BBF-E892-17C8-A951-7F8F3A73E0DE}.Release|Any CPU.Build.0 = Release|Any CPU
		{56F4388C-6A0A-09DB-E2EF-194D19DA9E78}.Debug|Any CPU.ActiveCfg = Debug|Any CPU
		{56F4388C-6A0A-09DB-E2EF-194D19DA9E78}.Debug|Any CPU.Build.0 = Debug|Any CPU
		{56F4388C-6A0A-09DB-E2EF-194D19DA9E78}.Release|Any CPU.ActiveCfg = Release|Any CPU
		{56F4388C-6A0A-09DB-E2EF-194D19DA9E78}.Release|Any CPU.Build.0 = Release|Any CPU
		{73BAE5D3-A4B4-9A1C-16A1-C101D06DDC23}.Debug|Any CPU.ActiveCfg = Debug|Any CPU
		{73BAE5D3-A4B4-9A1C-16A1-C101D06DDC23}.Debug|Any CPU.Build.0 = Debug|Any CPU
		{73BAE5D3-A4B4-9A1C-16A1-C101D06DDC23}.Release|Any CPU.ActiveCfg = Release|Any CPU
		{73BAE5D3-A4B4-9A1C-16A1-C101D06DDC23}.Release|Any CPU.Build.0 = Release|Any CPU
		{CE368875-F3E5-3CB5-193D-632B0DFA6C64}.Debug|Any CPU.ActiveCfg = Debug|Any CPU
		{CE368875-F3E5-3CB5-193D-632B0DFA6C64}.Debug|Any CPU.Build.0 = Debug|Any CPU
		{CE368875-F3E5-3CB5-193D-632B0DFA6C64}.Release|Any CPU.ActiveCfg = Release|Any CPU
		{CE368875-F3E5-3CB5-193D-632B0DFA6C64}.Release|Any CPU.Build.0 = Release|Any CPU
		{6E7B1235-8AAF-F0B0-A93F-421D5A1F013A}.Debug|Any CPU.ActiveCfg = Debug|Any CPU
		{6E7B1235-8AAF-F0B0-A93F-421D5A1F013A}.Debug|Any CPU.Build.0 = Debug|Any CPU
		{6E7B1235-8AAF-F0B0-A93F-421D5A1F013A}.Release|Any CPU.ActiveCfg = Release|Any CPU
		{6E7B1235-8AAF-F0B0-A93F-421D5A1F013A}.Release|Any CPU.Build.0 = Release|Any CPU
		{4788DF5D-7F08-7964-AEDA-A5AA114F74AC}.Debug|Any CPU.ActiveCfg = Debug|Any CPU
		{4788DF5D-7F08-7964-AEDA-A5AA114F74AC}.Debug|Any CPU.Build.0 = Debug|Any CPU
		{4788DF5D-7F08-7964-AEDA-A5AA114F74AC}.Release|Any CPU.ActiveCfg = Release|Any CPU
		{4788DF5D-7F08-7964-AEDA-A5AA114F74AC}.Release|Any CPU.Build.0 = Release|Any CPU
		{EB59A7A9-118B-05F1-6193-E6C5802C5C07}.Debug|Any CPU.ActiveCfg = Debug|Any CPU
		{EB59A7A9-118B-05F1-6193-E6C5802C5C07}.Debug|Any CPU.Build.0 = Debug|Any CPU
		{EB59A7A9-118B-05F1-6193-E6C5802C5C07}.Release|Any CPU.ActiveCfg = Release|Any CPU
		{EB59A7A9-118B-05F1-6193-E6C5802C5C07}.Release|Any CPU.Build.0 = Release|Any CPU
		{EA492754-1903-B62E-2545-2AA81D2B5575}.Debug|Any CPU.ActiveCfg = Debug|Any CPU
		{EA492754-1903-B62E-2545-2AA81D2B5575}.Debug|Any CPU.Build.0 = Debug|Any CPU
		{EA492754-1903-B62E-2545-2AA81D2B5575}.Release|Any CPU.ActiveCfg = Release|Any CPU
		{EA492754-1903-B62E-2545-2AA81D2B5575}.Release|Any CPU.Build.0 = Release|Any CPU
		{ECB4A674-EA44-F5F1-869F-EA9CEB3A1F55}.Debug|Any CPU.ActiveCfg = Debug|Any CPU
		{ECB4A674-EA44-F5F1-869F-EA9CEB3A1F55}.Debug|Any CPU.Build.0 = Debug|Any CPU
		{ECB4A674-EA44-F5F1-869F-EA9CEB3A1F55}.Release|Any CPU.ActiveCfg = Release|Any CPU
		{ECB4A674-EA44-F5F1-869F-EA9CEB3A1F55}.Release|Any CPU.Build.0 = Release|Any CPU
		{AA661EF4-28FF-F709-9FDE-E7590DE8BBF4}.Debug|Any CPU.ActiveCfg = Debug|Any CPU
		{AA661EF4-28FF-F709-9FDE-E7590DE8BBF4}.Debug|Any CPU.Build.0 = Debug|Any CPU
		{AA661EF4-28FF-F709-9FDE-E7590DE8BBF4}.Release|Any CPU.ActiveCfg = Release|Any CPU
		{AA661EF4-28FF-F709-9FDE-E7590DE8BBF4}.Release|Any CPU.Build.0 = Release|Any CPU
		{777684F0-D382-EC26-09AC-AE28C25C856F}.Debug|Any CPU.ActiveCfg = Debug|Any CPU
		{777684F0-D382-EC26-09AC-AE28C25C856F}.Debug|Any CPU.Build.0 = Debug|Any CPU
		{777684F0-D382-EC26-09AC-AE28C25C856F}.Release|Any CPU.ActiveCfg = Release|Any CPU
		{777684F0-D382-EC26-09AC-AE28C25C856F}.Release|Any CPU.Build.0 = Release|Any CPU
		{1FEE75D9-338D-E846-44B2-08D1C35567F4}.Debug|Any CPU.ActiveCfg = Debug|Any CPU
		{1FEE75D9-338D-E846-44B2-08D1C35567F4}.Debug|Any CPU.Build.0 = Debug|Any CPU
		{1FEE75D9-338D-E846-44B2-08D1C35567F4}.Release|Any CPU.ActiveCfg = Release|Any CPU
		{1FEE75D9-338D-E846-44B2-08D1C35567F4}.Release|Any CPU.Build.0 = Release|Any CPU
		{4B04BA62-D770-EC35-189F-429A0BD5BEC8}.Debug|Any CPU.ActiveCfg = Debug|Any CPU
		{4B04BA62-D770-EC35-189F-429A0BD5BEC8}.Debug|Any CPU.Build.0 = Debug|Any CPU
		{4B04BA62-D770-EC35-189F-429A0BD5BEC8}.Release|Any CPU.ActiveCfg = Release|Any CPU
		{4B04BA62-D770-EC35-189F-429A0BD5BEC8}.Release|Any CPU.Build.0 = Release|Any CPU
		{45EE2AA8-8C51-E0C7-C3E3-31630D0A50DB}.Debug|Any CPU.ActiveCfg = Debug|Any CPU
		{45EE2AA8-8C51-E0C7-C3E3-31630D0A50DB}.Debug|Any CPU.Build.0 = Debug|Any CPU
		{45EE2AA8-8C51-E0C7-C3E3-31630D0A50DB}.Release|Any CPU.ActiveCfg = Release|Any CPU
		{45EE2AA8-8C51-E0C7-C3E3-31630D0A50DB}.Release|Any CPU.Build.0 = Release|Any CPU
		{F7315E62-72F5-1E86-28A4-C75C1031686E}.Debug|Any CPU.ActiveCfg = Debug|Any CPU
		{F7315E62-72F5-1E86-28A4-C75C1031686E}.Debug|Any CPU.Build.0 = Debug|Any CPU
		{F7315E62-72F5-1E86-28A4-C75C1031686E}.Release|Any CPU.ActiveCfg = Release|Any CPU
		{F7315E62-72F5-1E86-28A4-C75C1031686E}.Release|Any CPU.Build.0 = Release|Any CPU
		{12759D92-0584-D891-41EA-53318625321D}.Debug|Any CPU.ActiveCfg = Debug|Any CPU
		{12759D92-0584-D891-41EA-53318625321D}.Debug|Any CPU.Build.0 = Debug|Any CPU
		{12759D92-0584-D891-41EA-53318625321D}.Release|Any CPU.ActiveCfg = Release|Any CPU
		{12759D92-0584-D891-41EA-53318625321D}.Release|Any CPU.Build.0 = Release|Any CPU
		{D10803C9-E9DE-5FED-8E7E-5404E4EB0BDD}.Debug|Any CPU.ActiveCfg = Debug|Any CPU
		{D10803C9-E9DE-5FED-8E7E-5404E4EB0BDD}.Debug|Any CPU.Build.0 = Debug|Any CPU
		{D10803C9-E9DE-5FED-8E7E-5404E4EB0BDD}.Release|Any CPU.ActiveCfg = Release|Any CPU
		{D10803C9-E9DE-5FED-8E7E-5404E4EB0BDD}.Release|Any CPU.Build.0 = Release|Any CPU
		{B92DBDA8-1F6B-9759-4A5A-3D2B77EA0D02}.Debug|Any CPU.ActiveCfg = Debug|Any CPU
		{B92DBDA8-1F6B-9759-4A5A-3D2B77EA0D02}.Debug|Any CPU.Build.0 = Debug|Any CPU
		{B92DBDA8-1F6B-9759-4A5A-3D2B77EA0D02}.Release|Any CPU.ActiveCfg = Release|Any CPU
		{B92DBDA8-1F6B-9759-4A5A-3D2B77EA0D02}.Release|Any CPU.Build.0 = Release|Any CPU
	EndGlobalSection
	GlobalSection(SolutionProperties) = preSolution
		HideSolutionNode = FALSE
	EndGlobalSection
EndGlobal
